Microsoft Visual Studio Solution File, Format Version 12.00
# Visual Studio Version 16
VisualStudioVersion = 16.0.28721.148
MinimumVisualStudioVersion = 10.0.40219.1
Project("{2150E333-8FDC-42A3-9474-1A3956D46DE8}") = ".paket", ".paket", "{63297B98-5CED-492C-A5B7-A5B4F73CF142}"
	ProjectSection(SolutionItems) = preProject
		paket.dependencies = paket.dependencies
		paket.lock = paket.lock
	EndProjectSection
EndProject
Project("{2150E333-8FDC-42A3-9474-1A3956D46DE8}") = "docs", "docs", "{A6A6AF7D-D6E3-442D-9B1E-58CC91879BE1}"
EndProject
Project("{2150E333-8FDC-42A3-9474-1A3956D46DE8}") = "project", "project", "{BF60BC93-E09B-4E5F-9D85-95A519479D54}"
	ProjectSection(SolutionItems) = preProject
		build.fsx = build.fsx
		README.md = README.md
		RELEASE_NOTES.md = RELEASE_NOTES.md
	EndProjectSection
EndProject
Project("{2150E333-8FDC-42A3-9474-1A3956D46DE8}") = "tools", "tools", "{83F16175-43B1-4C90-A1EE-8E351C33435D}"
	ProjectSection(SolutionItems) = preProject
		docs\tools\generate.fsx = docs\tools\generate.fsx
		docs\tools\templates\template.cshtml = docs\tools\templates\template.cshtml
	EndProjectSection
EndProject
Project("{2150E333-8FDC-42A3-9474-1A3956D46DE8}") = "content", "content", "{8E6D5255-776D-4B61-85F9-73C37AA1FB9A}"
	ProjectSection(SolutionItems) = preProject
		docs\content\index.fsx = docs\content\index.fsx
		docs\content\tutorial.fsx = docs\content\tutorial.fsx
	EndProjectSection
EndProject
Project("{2150E333-8FDC-42A3-9474-1A3956D46DE8}") = "tests", "tests", "{ED8079DD-2B06-4030-9F0F-DC548F98E1C4}"
EndProject
Project("{F2A71F9B-5D33-465A-A702-920D77279786}") = "Repo.Tests", "tests\Repo.Tests\Repo.Tests.fsproj", "{CF713CDC-81BE-411B-98D7-08DBB3FB7DB4}"
EndProject
Project("{FAE04EC0-301F-11D3-BF4B-00C04F79EFBC}") = "WpfControlsLib", "src\WpfControlsLib\WpfControlsLib.csproj", "{1DCB1D77-AB11-404C-BCE4-8EB7BF8F549D}"
EndProject
Project("{FAE04EC0-301F-11D3-BF4B-00C04F79EFBC}") = "MsAglWinFormsEditor", "src\MsAglWinFormsEditor\MsAglWinFormsEditor.csproj", "{3124748C-3750-4FFE-B793-51A95E7C7CCB}"
EndProject
Project("{F2A71F9B-5D33-465A-A702-920D77279786}") = "Repo", "src\Repo\Repo.fsproj", "{9E7065A4-BA5E-4752-84BF-54D5C00DB60C}"
EndProject
Project("{2150E333-8FDC-42A3-9474-1A3956D46DE8}") = "plugins", "plugins", "{F12CD406-E1CD-43B7-B4BC-E2991723C56E}"
EndProject
Project("{FAE04EC0-301F-11D3-BF4B-00C04F79EFBC}") = "PluginManager", "src\PluginManager\PluginManager.csproj", "{8B9C8D76-65B3-4A01-9D6F-B6192A823642}"
EndProject
Project("{FAE04EC0-301F-11D3-BF4B-00C04F79EFBC}") = "PluginLibrary.Tests", "tests\PluginLibrary.Tests\PluginLibrary.Tests.csproj", "{A0056C25-4EF7-4AF9-99E4-C13B937A3343}"
EndProject
Project("{FAE04EC0-301F-11D3-BF4B-00C04F79EFBC}") = "SamplePlugin", "src\plugins\SamplePlugin\SamplePlugin.csproj", "{C57410A1-A86F-418B-9AC7-38249450C497}"
EndProject
Project("{FAE04EC0-301F-11D3-BF4B-00C04F79EFBC}") = "EditorPluginInterfaces", "src\EditorPluginInterfaces\EditorPluginInterfaces.csproj", "{6E5F1B5D-F165-4CEC-A240-8887EBD28E3B}"
EndProject
Project("{FAE04EC0-301F-11D3-BF4B-00C04F79EFBC}") = "WpfEditor", "src\WpfEditor\WpfEditor.csproj", "{734861E8-17D4-43C4-BCFE-2B0C9434AD83}"
	ProjectSection(ProjectDependencies) = postProject
		{C57410A1-A86F-418B-9AC7-38249450C497} = {C57410A1-A86F-418B-9AC7-38249450C497}
	EndProjectSection
EndProject
Project("{FAE04EC0-301F-11D3-BF4B-00C04F79EFBC}") = "AirSim", "src\AirSim\AirSim.csproj", "{757A3BAF-F8E1-4B54-96E7-B4D57B23251B}"
EndProject
Project("{FAE04EC0-301F-11D3-BF4B-00C04F79EFBC}") = "WpfControlsLib.Tests", "tests\WpfControlsLib.Tests\WpfControlsLib.Tests.csproj", "{8EDF4429-251A-416D-BB68-93F227191BCF}"
EndProject
Project("{FAE04EC0-301F-11D3-BF4B-00C04F79EFBC}") = "Repo.CSharp.Tests", "tests\Repo.CSharp.Tests\Repo.CSharp.Tests.csproj", "{604E3254-B3F7-4A16-872A-B0EACC7846DC}"
EndProject
Global
	GlobalSection(SolutionConfigurationPlatforms) = preSolution
		Debug|Any CPU = Debug|Any CPU
		Debug|x64 = Debug|x64
		MonoRelease|Any CPU = MonoRelease|Any CPU
		MonoRelease|x64 = MonoRelease|x64
		Release|Any CPU = Release|Any CPU
		Release|x64 = Release|x64
	EndGlobalSection
	GlobalSection(ProjectConfigurationPlatforms) = postSolution
		{CF713CDC-81BE-411B-98D7-08DBB3FB7DB4}.Debug|Any CPU.ActiveCfg = Debug|Any CPU
		{CF713CDC-81BE-411B-98D7-08DBB3FB7DB4}.Debug|Any CPU.Build.0 = Debug|Any CPU
		{CF713CDC-81BE-411B-98D7-08DBB3FB7DB4}.Debug|x64.ActiveCfg = Debug|Any CPU
		{CF713CDC-81BE-411B-98D7-08DBB3FB7DB4}.Debug|x64.Build.0 = Debug|Any CPU
		{CF713CDC-81BE-411B-98D7-08DBB3FB7DB4}.MonoRelease|Any CPU.ActiveCfg = MonoRelease|Any CPU
		{CF713CDC-81BE-411B-98D7-08DBB3FB7DB4}.MonoRelease|Any CPU.Build.0 = MonoRelease|Any CPU
		{CF713CDC-81BE-411B-98D7-08DBB3FB7DB4}.MonoRelease|x64.ActiveCfg = MonoRelease|Any CPU
		{CF713CDC-81BE-411B-98D7-08DBB3FB7DB4}.MonoRelease|x64.Build.0 = MonoRelease|Any CPU
		{CF713CDC-81BE-411B-98D7-08DBB3FB7DB4}.Release|Any CPU.ActiveCfg = Release|Any CPU
		{CF713CDC-81BE-411B-98D7-08DBB3FB7DB4}.Release|Any CPU.Build.0 = Release|Any CPU
		{CF713CDC-81BE-411B-98D7-08DBB3FB7DB4}.Release|x64.ActiveCfg = Release|Any CPU
		{CF713CDC-81BE-411B-98D7-08DBB3FB7DB4}.Release|x64.Build.0 = Release|Any CPU
		{1DCB1D77-AB11-404C-BCE4-8EB7BF8F549D}.Debug|Any CPU.ActiveCfg = Debug|Any CPU
		{1DCB1D77-AB11-404C-BCE4-8EB7BF8F549D}.Debug|Any CPU.Build.0 = Debug|Any CPU
		{1DCB1D77-AB11-404C-BCE4-8EB7BF8F549D}.Debug|x64.ActiveCfg = Debug|Any CPU
		{1DCB1D77-AB11-404C-BCE4-8EB7BF8F549D}.Debug|x64.Build.0 = Debug|Any CPU
		{1DCB1D77-AB11-404C-BCE4-8EB7BF8F549D}.MonoRelease|Any CPU.ActiveCfg = MonoRelease|Any CPU
		{1DCB1D77-AB11-404C-BCE4-8EB7BF8F549D}.MonoRelease|x64.ActiveCfg = MonoRelease|Any CPU
		{1DCB1D77-AB11-404C-BCE4-8EB7BF8F549D}.MonoRelease|x64.Build.0 = MonoRelease|Any CPU
		{1DCB1D77-AB11-404C-BCE4-8EB7BF8F549D}.Release|Any CPU.ActiveCfg = Release|Any CPU
		{1DCB1D77-AB11-404C-BCE4-8EB7BF8F549D}.Release|Any CPU.Build.0 = Release|Any CPU
		{1DCB1D77-AB11-404C-BCE4-8EB7BF8F549D}.Release|x64.ActiveCfg = Release|Any CPU
		{1DCB1D77-AB11-404C-BCE4-8EB7BF8F549D}.Release|x64.Build.0 = Release|Any CPU
		{3124748C-3750-4FFE-B793-51A95E7C7CCB}.Debug|Any CPU.ActiveCfg = Debug|Any CPU
		{3124748C-3750-4FFE-B793-51A95E7C7CCB}.Debug|Any CPU.Build.0 = Debug|Any CPU
		{3124748C-3750-4FFE-B793-51A95E7C7CCB}.Debug|x64.ActiveCfg = Debug|Any CPU
		{3124748C-3750-4FFE-B793-51A95E7C7CCB}.Debug|x64.Build.0 = Debug|Any CPU
		{3124748C-3750-4FFE-B793-51A95E7C7CCB}.MonoRelease|Any CPU.ActiveCfg = MonoRelease|Any CPU
		{3124748C-3750-4FFE-B793-51A95E7C7CCB}.MonoRelease|Any CPU.Build.0 = MonoRelease|Any CPU
		{3124748C-3750-4FFE-B793-51A95E7C7CCB}.MonoRelease|x64.ActiveCfg = MonoRelease|Any CPU
		{3124748C-3750-4FFE-B793-51A95E7C7CCB}.MonoRelease|x64.Build.0 = MonoRelease|Any CPU
		{3124748C-3750-4FFE-B793-51A95E7C7CCB}.Release|Any CPU.ActiveCfg = Release|Any CPU
		{3124748C-3750-4FFE-B793-51A95E7C7CCB}.Release|Any CPU.Build.0 = Release|Any CPU
		{3124748C-3750-4FFE-B793-51A95E7C7CCB}.Release|x64.ActiveCfg = Release|Any CPU
		{3124748C-3750-4FFE-B793-51A95E7C7CCB}.Release|x64.Build.0 = Release|Any CPU
		{9E7065A4-BA5E-4752-84BF-54D5C00DB60C}.Debug|Any CPU.ActiveCfg = Debug|Any CPU
		{9E7065A4-BA5E-4752-84BF-54D5C00DB60C}.Debug|Any CPU.Build.0 = Debug|Any CPU
		{9E7065A4-BA5E-4752-84BF-54D5C00DB60C}.Debug|x64.ActiveCfg = Debug|Any CPU
		{9E7065A4-BA5E-4752-84BF-54D5C00DB60C}.Debug|x64.Build.0 = Debug|Any CPU
		{9E7065A4-BA5E-4752-84BF-54D5C00DB60C}.MonoRelease|Any CPU.ActiveCfg = MonoRelease|Any CPU
		{9E7065A4-BA5E-4752-84BF-54D5C00DB60C}.MonoRelease|Any CPU.Build.0 = MonoRelease|Any CPU
		{9E7065A4-BA5E-4752-84BF-54D5C00DB60C}.MonoRelease|x64.ActiveCfg = MonoRelease|Any CPU
		{9E7065A4-BA5E-4752-84BF-54D5C00DB60C}.MonoRelease|x64.Build.0 = MonoRelease|Any CPU
		{9E7065A4-BA5E-4752-84BF-54D5C00DB60C}.Release|Any CPU.ActiveCfg = Release|Any CPU
		{9E7065A4-BA5E-4752-84BF-54D5C00DB60C}.Release|Any CPU.Build.0 = Release|Any CPU
		{9E7065A4-BA5E-4752-84BF-54D5C00DB60C}.Release|x64.ActiveCfg = Release|Any CPU
		{9E7065A4-BA5E-4752-84BF-54D5C00DB60C}.Release|x64.Build.0 = Release|Any CPU
		{8B9C8D76-65B3-4A01-9D6F-B6192A823642}.Debug|Any CPU.ActiveCfg = Debug|Any CPU
		{8B9C8D76-65B3-4A01-9D6F-B6192A823642}.Debug|Any CPU.Build.0 = Debug|Any CPU
		{8B9C8D76-65B3-4A01-9D6F-B6192A823642}.Debug|x64.ActiveCfg = Debug|Any CPU
		{8B9C8D76-65B3-4A01-9D6F-B6192A823642}.Debug|x64.Build.0 = Debug|Any CPU
		{8B9C8D76-65B3-4A01-9D6F-B6192A823642}.MonoRelease|Any CPU.ActiveCfg = MonoRelease|Any CPU
		{8B9C8D76-65B3-4A01-9D6F-B6192A823642}.MonoRelease|x64.ActiveCfg = MonoRelease|Any CPU
		{8B9C8D76-65B3-4A01-9D6F-B6192A823642}.MonoRelease|x64.Build.0 = MonoRelease|Any CPU
		{8B9C8D76-65B3-4A01-9D6F-B6192A823642}.Release|Any CPU.ActiveCfg = Release|Any CPU
		{8B9C8D76-65B3-4A01-9D6F-B6192A823642}.Release|Any CPU.Build.0 = Release|Any CPU
		{8B9C8D76-65B3-4A01-9D6F-B6192A823642}.Release|x64.ActiveCfg = Release|Any CPU
		{8B9C8D76-65B3-4A01-9D6F-B6192A823642}.Release|x64.Build.0 = Release|Any CPU
		{A0056C25-4EF7-4AF9-99E4-C13B937A3343}.Debug|Any CPU.ActiveCfg = Debug|Any CPU
		{A0056C25-4EF7-4AF9-99E4-C13B937A3343}.Debug|Any CPU.Build.0 = Debug|Any CPU
		{A0056C25-4EF7-4AF9-99E4-C13B937A3343}.Debug|x64.ActiveCfg = Debug|Any CPU
		{A0056C25-4EF7-4AF9-99E4-C13B937A3343}.Debug|x64.Build.0 = Debug|Any CPU
		{A0056C25-4EF7-4AF9-99E4-C13B937A3343}.MonoRelease|Any CPU.ActiveCfg = MonoRelease|Any CPU
		{A0056C25-4EF7-4AF9-99E4-C13B937A3343}.MonoRelease|x64.ActiveCfg = MonoRelease|Any CPU
		{A0056C25-4EF7-4AF9-99E4-C13B937A3343}.MonoRelease|x64.Build.0 = MonoRelease|Any CPU
		{A0056C25-4EF7-4AF9-99E4-C13B937A3343}.Release|Any CPU.ActiveCfg = Release|Any CPU
		{A0056C25-4EF7-4AF9-99E4-C13B937A3343}.Release|Any CPU.Build.0 = Release|Any CPU
		{A0056C25-4EF7-4AF9-99E4-C13B937A3343}.Release|x64.ActiveCfg = Release|Any CPU
		{A0056C25-4EF7-4AF9-99E4-C13B937A3343}.Release|x64.Build.0 = Release|Any CPU
		{C57410A1-A86F-418B-9AC7-38249450C497}.Debug|Any CPU.ActiveCfg = Debug|Any CPU
		{C57410A1-A86F-418B-9AC7-38249450C497}.Debug|Any CPU.Build.0 = Debug|Any CPU
		{C57410A1-A86F-418B-9AC7-38249450C497}.Debug|x64.ActiveCfg = Debug|Any CPU
		{C57410A1-A86F-418B-9AC7-38249450C497}.Debug|x64.Build.0 = Debug|Any CPU
		{C57410A1-A86F-418B-9AC7-38249450C497}.MonoRelease|Any CPU.ActiveCfg = MonoRelease|Any CPU
		{C57410A1-A86F-418B-9AC7-38249450C497}.MonoRelease|x64.ActiveCfg = MonoRelease|Any CPU
		{C57410A1-A86F-418B-9AC7-38249450C497}.MonoRelease|x64.Build.0 = MonoRelease|Any CPU
		{C57410A1-A86F-418B-9AC7-38249450C497}.Release|Any CPU.ActiveCfg = Release|Any CPU
		{C57410A1-A86F-418B-9AC7-38249450C497}.Release|Any CPU.Build.0 = Release|Any CPU
		{C57410A1-A86F-418B-9AC7-38249450C497}.Release|x64.ActiveCfg = Release|Any CPU
		{C57410A1-A86F-418B-9AC7-38249450C497}.Release|x64.Build.0 = Release|Any CPU
		{6E5F1B5D-F165-4CEC-A240-8887EBD28E3B}.Debug|Any CPU.ActiveCfg = Debug|Any CPU
		{6E5F1B5D-F165-4CEC-A240-8887EBD28E3B}.Debug|Any CPU.Build.0 = Debug|Any CPU
		{6E5F1B5D-F165-4CEC-A240-8887EBD28E3B}.Debug|x64.ActiveCfg = Debug|Any CPU
		{6E5F1B5D-F165-4CEC-A240-8887EBD28E3B}.Debug|x64.Build.0 = Debug|Any CPU
		{6E5F1B5D-F165-4CEC-A240-8887EBD28E3B}.MonoRelease|Any CPU.ActiveCfg = MonoRelease|Any CPU
		{6E5F1B5D-F165-4CEC-A240-8887EBD28E3B}.MonoRelease|x64.ActiveCfg = MonoRelease|Any CPU
		{6E5F1B5D-F165-4CEC-A240-8887EBD28E3B}.MonoRelease|x64.Build.0 = MonoRelease|Any CPU
		{6E5F1B5D-F165-4CEC-A240-8887EBD28E3B}.Release|Any CPU.ActiveCfg = Release|Any CPU
		{6E5F1B5D-F165-4CEC-A240-8887EBD28E3B}.Release|Any CPU.Build.0 = Release|Any CPU
		{6E5F1B5D-F165-4CEC-A240-8887EBD28E3B}.Release|x64.ActiveCfg = Release|Any CPU
		{6E5F1B5D-F165-4CEC-A240-8887EBD28E3B}.Release|x64.Build.0 = Release|Any CPU
		{734861E8-17D4-43C4-BCFE-2B0C9434AD83}.Debug|Any CPU.ActiveCfg = Debug|Any CPU
		{734861E8-17D4-43C4-BCFE-2B0C9434AD83}.Debug|Any CPU.Build.0 = Debug|Any CPU
		{734861E8-17D4-43C4-BCFE-2B0C9434AD83}.Debug|x64.ActiveCfg = Debug|Any CPU
		{734861E8-17D4-43C4-BCFE-2B0C9434AD83}.Debug|x64.Build.0 = Debug|Any CPU
		{734861E8-17D4-43C4-BCFE-2B0C9434AD83}.MonoRelease|Any CPU.ActiveCfg = MonoRelease|Any CPU
		{734861E8-17D4-43C4-BCFE-2B0C9434AD83}.MonoRelease|x64.ActiveCfg = MonoRelease|Any CPU
		{734861E8-17D4-43C4-BCFE-2B0C9434AD83}.MonoRelease|x64.Build.0 = MonoRelease|Any CPU
		{734861E8-17D4-43C4-BCFE-2B0C9434AD83}.Release|Any CPU.ActiveCfg = Release|Any CPU
		{734861E8-17D4-43C4-BCFE-2B0C9434AD83}.Release|Any CPU.Build.0 = Release|Any CPU
		{734861E8-17D4-43C4-BCFE-2B0C9434AD83}.Release|x64.ActiveCfg = Release|Any CPU
		{734861E8-17D4-43C4-BCFE-2B0C9434AD83}.Release|x64.Build.0 = Release|Any CPU
		{757A3BAF-F8E1-4B54-96E7-B4D57B23251B}.Debug|Any CPU.ActiveCfg = Debug|Any CPU
		{757A3BAF-F8E1-4B54-96E7-B4D57B23251B}.Debug|Any CPU.Build.0 = Debug|Any CPU
		{757A3BAF-F8E1-4B54-96E7-B4D57B23251B}.Debug|x64.ActiveCfg = Debug|x64
		{757A3BAF-F8E1-4B54-96E7-B4D57B23251B}.Debug|x64.Build.0 = Debug|x64
		{757A3BAF-F8E1-4B54-96E7-B4D57B23251B}.MonoRelease|Any CPU.ActiveCfg = MonoRelease|Any CPU
		{757A3BAF-F8E1-4B54-96E7-B4D57B23251B}.MonoRelease|x64.ActiveCfg = MonoRelease|x64
		{757A3BAF-F8E1-4B54-96E7-B4D57B23251B}.MonoRelease|x64.Build.0 = MonoRelease|x64
		{757A3BAF-F8E1-4B54-96E7-B4D57B23251B}.Release|Any CPU.ActiveCfg = Release|Any CPU
		{757A3BAF-F8E1-4B54-96E7-B4D57B23251B}.Release|Any CPU.Build.0 = Release|Any CPU
		{757A3BAF-F8E1-4B54-96E7-B4D57B23251B}.Release|x64.ActiveCfg = Release|x64
		{757A3BAF-F8E1-4B54-96E7-B4D57B23251B}.Release|x64.Build.0 = Release|x64
		{8EDF4429-251A-416D-BB68-93F227191BCF}.Debug|Any CPU.ActiveCfg = Debug|Any CPU
		{8EDF4429-251A-416D-BB68-93F227191BCF}.Debug|Any CPU.Build.0 = Debug|Any CPU
		{8EDF4429-251A-416D-BB68-93F227191BCF}.Debug|x64.ActiveCfg = Debug|Any CPU
		{8EDF4429-251A-416D-BB68-93F227191BCF}.Debug|x64.Build.0 = Debug|Any CPU
		{8EDF4429-251A-416D-BB68-93F227191BCF}.MonoRelease|Any CPU.ActiveCfg = Release|Any CPU
		{8EDF4429-251A-416D-BB68-93F227191BCF}.MonoRelease|x64.ActiveCfg = Release|Any CPU
		{8EDF4429-251A-416D-BB68-93F227191BCF}.MonoRelease|x64.Build.0 = Release|Any CPU
		{8EDF4429-251A-416D-BB68-93F227191BCF}.Release|Any CPU.ActiveCfg = Release|Any CPU
		{8EDF4429-251A-416D-BB68-93F227191BCF}.Release|Any CPU.Build.0 = Release|Any CPU
		{8EDF4429-251A-416D-BB68-93F227191BCF}.Release|x64.ActiveCfg = Release|Any CPU
		{8EDF4429-251A-416D-BB68-93F227191BCF}.Release|x64.Build.0 = Release|Any CPU
		{604E3254-B3F7-4A16-872A-B0EACC7846DC}.Debug|Any CPU.ActiveCfg = Debug|Any CPU
		{604E3254-B3F7-4A16-872A-B0EACC7846DC}.Debug|Any CPU.Build.0 = Debug|Any CPU
		{604E3254-B3F7-4A16-872A-B0EACC7846DC}.Debug|x64.ActiveCfg = Debug|Any CPU
		{604E3254-B3F7-4A16-872A-B0EACC7846DC}.Debug|x64.Build.0 = Debug|Any CPU
		{604E3254-B3F7-4A16-872A-B0EACC7846DC}.MonoRelease|Any CPU.ActiveCfg = Release|Any CPU
		{604E3254-B3F7-4A16-872A-B0EACC7846DC}.MonoRelease|Any CPU.Build.0 = Release|Any CPU
		{604E3254-B3F7-4A16-872A-B0EACC7846DC}.MonoRelease|x64.ActiveCfg = Release|Any CPU
		{604E3254-B3F7-4A16-872A-B0EACC7846DC}.MonoRelease|x64.Build.0 = Release|Any CPU
		{604E3254-B3F7-4A16-872A-B0EACC7846DC}.Release|Any CPU.ActiveCfg = Release|Any CPU
		{604E3254-B3F7-4A16-872A-B0EACC7846DC}.Release|Any CPU.Build.0 = Release|Any CPU
		{604E3254-B3F7-4A16-872A-B0EACC7846DC}.Release|x64.ActiveCfg = Release|Any CPU
		{604E3254-B3F7-4A16-872A-B0EACC7846DC}.Release|x64.Build.0 = Release|Any CPU
	EndGlobalSection
	GlobalSection(SolutionProperties) = preSolution
		HideSolutionNode = FALSE
	EndGlobalSection
	GlobalSection(NestedProjects) = preSolution
		{83F16175-43B1-4C90-A1EE-8E351C33435D} = {A6A6AF7D-D6E3-442D-9B1E-58CC91879BE1}
		{8E6D5255-776D-4B61-85F9-73C37AA1FB9A} = {A6A6AF7D-D6E3-442D-9B1E-58CC91879BE1}
		{CF713CDC-81BE-411B-98D7-08DBB3FB7DB4} = {ED8079DD-2B06-4030-9F0F-DC548F98E1C4}
		{A0056C25-4EF7-4AF9-99E4-C13B937A3343} = {ED8079DD-2B06-4030-9F0F-DC548F98E1C4}
		{C57410A1-A86F-418B-9AC7-38249450C497} = {F12CD406-E1CD-43B7-B4BC-E2991723C56E}
		{8EDF4429-251A-416D-BB68-93F227191BCF} = {ED8079DD-2B06-4030-9F0F-DC548F98E1C4}
		{604E3254-B3F7-4A16-872A-B0EACC7846DC} = {ED8079DD-2B06-4030-9F0F-DC548F98E1C4}
	EndGlobalSection
	GlobalSection(ExtensibilityGlobals) = postSolution
		SolutionGuid = {D0B60BC3-B119-4CD6-8FC4-CD8FA1429BE4}
	EndGlobalSection
EndGlobal
