
Microsoft Visual Studio Solution File, Format Version 12.00
# Visual Studio 14
VisualStudioVersion = 14.0.25420.1
MinimumVisualStudioVersion = 10.0.40219.1
Project("{FAE04EC0-301F-11D3-BF4B-00C04F79EFBC}") = "EditorPrototype", "EditorPrototype\EditorPrototype\EditorPrototype.csproj", "{1DCB1D77-AB11-404C-BCE4-8EB7BF8F549D}"
EndProject
Project("{F2A71F9B-5D33-465A-A702-920D77279786}") = "Repo", "Repo\Repo.fsproj", "{9E7065A4-BA5E-4752-84BF-54D5C00DB60C}"
EndProject
Project("{F2A71F9B-5D33-465A-A702-920D77279786}") = "Repo.Tests", "Repo.Tests\Repo.Tests.fsproj", "{CF713CDC-81BE-411B-98D7-08DBB3FB7DB4}"
EndProject
Global
	GlobalSection(SolutionConfigurationPlatforms) = preSolution
		Debug|Any CPU = Debug|Any CPU
		Debug|x64 = Debug|x64
		Debug|x86 = Debug|x86
		Release|Any CPU = Release|Any CPU
		Release|x64 = Release|x64
		Release|x86 = Release|x86
	EndGlobalSection
	GlobalSection(ProjectConfigurationPlatforms) = postSolution
		{1DCB1D77-AB11-404C-BCE4-8EB7BF8F549D}.Debug|Any CPU.ActiveCfg = Debug|Any CPU
		{1DCB1D77-AB11-404C-BCE4-8EB7BF8F549D}.Debug|Any CPU.Build.0 = Debug|Any CPU
		{1DCB1D77-AB11-404C-BCE4-8EB7BF8F549D}.Debug|x64.ActiveCfg = Debug|Any CPU
		{1DCB1D77-AB11-404C-BCE4-8EB7BF8F549D}.Debug|x64.Build.0 = Debug|Any CPU
		{1DCB1D77-AB11-404C-BCE4-8EB7BF8F549D}.Debug|x86.ActiveCfg = Debug|Any CPU
		{1DCB1D77-AB11-404C-BCE4-8EB7BF8F549D}.Debug|x86.Build.0 = Debug|Any CPU
		{1DCB1D77-AB11-404C-BCE4-8EB7BF8F549D}.Release|Any CPU.ActiveCfg = Release|Any CPU
		{1DCB1D77-AB11-404C-BCE4-8EB7BF8F549D}.Release|Any CPU.Build.0 = Release|Any CPU
		{1DCB1D77-AB11-404C-BCE4-8EB7BF8F549D}.Release|x64.ActiveCfg = Release|Any CPU
		{1DCB1D77-AB11-404C-BCE4-8EB7BF8F549D}.Release|x64.Build.0 = Release|Any CPU
		{1DCB1D77-AB11-404C-BCE4-8EB7BF8F549D}.Release|x86.ActiveCfg = Release|Any CPU
		{1DCB1D77-AB11-404C-BCE4-8EB7BF8F549D}.Release|x86.Build.0 = Release|Any CPU
		{9E7065A4-BA5E-4752-84BF-54D5C00DB60C}.Debug|Any CPU.ActiveCfg = Debug|Any CPU
		{9E7065A4-BA5E-4752-84BF-54D5C00DB60C}.Debug|Any CPU.Build.0 = Debug|Any CPU
		{9E7065A4-BA5E-4752-84BF-54D5C00DB60C}.Debug|x64.ActiveCfg = Debug|Any CPU
		{9E7065A4-BA5E-4752-84BF-54D5C00DB60C}.Debug|x64.Build.0 = Debug|Any CPU
		{9E7065A4-BA5E-4752-84BF-54D5C00DB60C}.Debug|x86.ActiveCfg = Debug|Any CPU
		{9E7065A4-BA5E-4752-84BF-54D5C00DB60C}.Debug|x86.Build.0 = Debug|Any CPU
		{9E7065A4-BA5E-4752-84BF-54D5C00DB60C}.Release|Any CPU.ActiveCfg = Release|Any CPU
		{9E7065A4-BA5E-4752-84BF-54D5C00DB60C}.Release|Any CPU.Build.0 = Release|Any CPU
		{9E7065A4-BA5E-4752-84BF-54D5C00DB60C}.Release|x64.ActiveCfg = Release|Any CPU
		{9E7065A4-BA5E-4752-84BF-54D5C00DB60C}.Release|x64.Build.0 = Release|Any CPU
		{9E7065A4-BA5E-4752-84BF-54D5C00DB60C}.Release|x86.ActiveCfg = Release|Any CPU
		{9E7065A4-BA5E-4752-84BF-54D5C00DB60C}.Release|x86.Build.0 = Release|Any CPU
		{CF713CDC-81BE-411B-98D7-08DBB3FB7DB4}.Debug|Any CPU.ActiveCfg = Debug|Any CPU
		{CF713CDC-81BE-411B-98D7-08DBB3FB7DB4}.Debug|Any CPU.Build.0 = Debug|Any CPU
		{CF713CDC-81BE-411B-98D7-08DBB3FB7DB4}.Debug|x64.ActiveCfg = Debug|Any CPU
		{CF713CDC-81BE-411B-98D7-08DBB3FB7DB4}.Debug|x64.Build.0 = Debug|Any CPU
		{CF713CDC-81BE-411B-98D7-08DBB3FB7DB4}.Debug|x86.ActiveCfg = Debug|Any CPU
		{CF713CDC-81BE-411B-98D7-08DBB3FB7DB4}.Debug|x86.Build.0 = Debug|Any CPU
		{CF713CDC-81BE-411B-98D7-08DBB3FB7DB4}.Release|Any CPU.ActiveCfg = Release|Any CPU
		{CF713CDC-81BE-411B-98D7-08DBB3FB7DB4}.Release|Any CPU.Build.0 = Release|Any CPU
		{CF713CDC-81BE-411B-98D7-08DBB3FB7DB4}.Release|x64.ActiveCfg = Release|Any CPU
		{CF713CDC-81BE-411B-98D7-08DBB3FB7DB4}.Release|x64.Build.0 = Release|Any CPU
		{CF713CDC-81BE-411B-98D7-08DBB3FB7DB4}.Release|x86.ActiveCfg = Release|Any CPU
		{CF713CDC-81BE-411B-98D7-08DBB3FB7DB4}.Release|x86.Build.0 = Release|Any CPU
	EndGlobalSection
	GlobalSection(SolutionProperties) = preSolution
		HideSolutionNode = FALSE
	EndGlobalSection
EndGlobal
